
Microsoft Visual Studio Solution File, Format Version 12.00
# Visual Studio Version 16
VisualStudioVersion = 16.0.30523.141
MinimumVisualStudioVersion = 10.0.40219.1
Project("{9A19103F-16F7-4668-BE54-9A1E7A4F7556}") = "SupportForm.API", "SupportForm.API\SupportForm.API.csproj", "{C9000410-D1B0-4AD4-9267-A006C0225064}"
EndProject
Project("{9A19103F-16F7-4668-BE54-9A1E7A4F7556}") = "SupportForm.Domain", "SupportForm.Domain\SupportForm.Domain.csproj", "{84493B10-A99D-433C-86E6-D30E227D447D}"
EndProject
Project("{9A19103F-16F7-4668-BE54-9A1E7A4F7556}") = "SupportForm.Infrastructure", "SupportForm.Infrastructure\SupportForm.Infrastructure.csproj", "{2F88250B-A9C5-4083-88DA-E50B5FB68C8F}"
EndProject
Project("{2150E333-8FDC-42A3-9474-1A3956D46DE8}") = "Solution Items", "Solution Items", "{43091F2F-032E-4A19-A63D-302DD5617BAB}"
	ProjectSection(SolutionItems) = preProject
		README.md = README.md
	EndProjectSection
EndProject
Global
	GlobalSection(SolutionConfigurationPlatforms) = preSolution
		Debug|Any CPU = Debug|Any CPU
		Release|Any CPU = Release|Any CPU
	EndGlobalSection
	GlobalSection(ProjectConfigurationPlatforms) = postSolution
		{C9000410-D1B0-4AD4-9267-A006C0225064}.Debug|Any CPU.ActiveCfg = Debug|Any CPU
		{C9000410-D1B0-4AD4-9267-A006C0225064}.Debug|Any CPU.Build.0 = Debug|Any CPU
		{C9000410-D1B0-4AD4-9267-A006C0225064}.Release|Any CPU.ActiveCfg = Release|Any CPU
		{C9000410-D1B0-4AD4-9267-A006C0225064}.Release|Any CPU.Build.0 = Release|Any CPU
		{84493B10-A99D-433C-86E6-D30E227D447D}.Debug|Any CPU.ActiveCfg = Debug|Any CPU
		{84493B10-A99D-433C-86E6-D30E227D447D}.Debug|Any CPU.Build.0 = Debug|Any CPU
		{84493B10-A99D-433C-86E6-D30E227D447D}.Release|Any CPU.ActiveCfg = Release|Any CPU
		{84493B10-A99D-433C-86E6-D30E227D447D}.Release|Any CPU.Build.0 = Release|Any CPU
		{2F88250B-A9C5-4083-88DA-E50B5FB68C8F}.Debug|Any CPU.ActiveCfg = Debug|Any CPU
		{2F88250B-A9C5-4083-88DA-E50B5FB68C8F}.Debug|Any CPU.Build.0 = Debug|Any CPU
		{2F88250B-A9C5-4083-88DA-E50B5FB68C8F}.Release|Any CPU.ActiveCfg = Release|Any CPU
		{2F88250B-A9C5-4083-88DA-E50B5FB68C8F}.Release|Any CPU.Build.0 = Release|Any CPU
	EndGlobalSection
	GlobalSection(SolutionProperties) = preSolution
		HideSolutionNode = FALSE
	EndGlobalSection
	GlobalSection(ExtensibilityGlobals) = postSolution
		SolutionGuid = {7C5E645E-C31E-4C95-A720-6DD972CC4775}
	EndGlobalSection
EndGlobal
