
Microsoft Visual Studio Solution File, Format Version 12.00
# Visual Studio Version 16
VisualStudioVersion = 16.0.30523.141
MinimumVisualStudioVersion = 10.0.40219.1
Project("{FAE04EC0-301F-11D3-BF4B-00C04F79EFBC}") = "SupportForm.API", "SupportForm.API\SupportForm.API.csproj", "{C9000410-D1B0-4AD4-9267-A006C0225064}"
EndProject
Global
	GlobalSection(SolutionConfigurationPlatforms) = preSolution
		Debug|Any CPU = Debug|Any CPU
		Release|Any CPU = Release|Any CPU
	EndGlobalSection
	GlobalSection(ProjectConfigurationPlatforms) = postSolution
		{C9000410-D1B0-4AD4-9267-A006C0225064}.Debug|Any CPU.ActiveCfg = Debug|Any CPU
		{C9000410-D1B0-4AD4-9267-A006C0225064}.Debug|Any CPU.Build.0 = Debug|Any CPU
		{C9000410-D1B0-4AD4-9267-A006C0225064}.Release|Any CPU.ActiveCfg = Release|Any CPU
		{C9000410-D1B0-4AD4-9267-A006C0225064}.Release|Any CPU.Build.0 = Release|Any CPU
	EndGlobalSection
	GlobalSection(SolutionProperties) = preSolution
		HideSolutionNode = FALSE
	EndGlobalSection
	GlobalSection(ExtensibilityGlobals) = postSolution
		SolutionGuid = {7C5E645E-C31E-4C95-A720-6DD972CC4775}
	EndGlobalSection
EndGlobal
